
Microsoft Visual Studio Solution File, Format Version 12.00
# Visual Studio 2013
VisualStudioVersion = 12.0.31101.0
MinimumVisualStudioVersion = 10.0.40219.1
Project("{FAE04EC0-301F-11D3-BF4B-00C04F79EFBC}") = "Ipm.Model", "Ipm.Model\Ipm.Model.csproj", "{FFA02C58-73BB-4D63-BF52-882431A6F416}"
EndProject
Project("{FAE04EC0-301F-11D3-BF4B-00C04F79EFBC}") = "Ipm.Model.Tests", "Ipm.Model.Tests\Ipm.Model.Tests.csproj", "{CAC351D2-8105-4BD0-B4A4-D118EEC67434}"
EndProject
Project("{FAE04EC0-301F-11D3-BF4B-00C04F79EFBC}") = "IpmUI", "IpmUI\IpmUI.csproj", "{5321B7B5-34A2-41B8-A99B-7430542E8CDC}"
EndProject
Project("{FAE04EC0-301F-11D3-BF4B-00C04F79EFBC}") = "IpmUI.Tests", "IpmUI.Tests\IpmUI.Tests.csproj", "{8BBFE296-DBBB-4778-A78D-A29EC79994FA}"
EndProject
Global
	GlobalSection(SolutionConfigurationPlatforms) = preSolution
		Debug|Any CPU = Debug|Any CPU
		Release|Any CPU = Release|Any CPU
	EndGlobalSection
	GlobalSection(ProjectConfigurationPlatforms) = postSolution
		{FFA02C58-73BB-4D63-BF52-882431A6F416}.Debug|Any CPU.ActiveCfg = Debug|Any CPU
		{FFA02C58-73BB-4D63-BF52-882431A6F416}.Debug|Any CPU.Build.0 = Debug|Any CPU
		{FFA02C58-73BB-4D63-BF52-882431A6F416}.Release|Any CPU.ActiveCfg = Release|Any CPU
		{FFA02C58-73BB-4D63-BF52-882431A6F416}.Release|Any CPU.Build.0 = Release|Any CPU
		{CAC351D2-8105-4BD0-B4A4-D118EEC67434}.Debug|Any CPU.ActiveCfg = Debug|Any CPU
		{CAC351D2-8105-4BD0-B4A4-D118EEC67434}.Debug|Any CPU.Build.0 = Debug|Any CPU
		{CAC351D2-8105-4BD0-B4A4-D118EEC67434}.Release|Any CPU.ActiveCfg = Release|Any CPU
		{CAC351D2-8105-4BD0-B4A4-D118EEC67434}.Release|Any CPU.Build.0 = Release|Any CPU
		{5321B7B5-34A2-41B8-A99B-7430542E8CDC}.Debug|Any CPU.ActiveCfg = Debug|Any CPU
		{5321B7B5-34A2-41B8-A99B-7430542E8CDC}.Debug|Any CPU.Build.0 = Debug|Any CPU
		{5321B7B5-34A2-41B8-A99B-7430542E8CDC}.Release|Any CPU.ActiveCfg = Release|Any CPU
		{5321B7B5-34A2-41B8-A99B-7430542E8CDC}.Release|Any CPU.Build.0 = Release|Any CPU
		{8BBFE296-DBBB-4778-A78D-A29EC79994FA}.Debug|Any CPU.ActiveCfg = Debug|Any CPU
		{8BBFE296-DBBB-4778-A78D-A29EC79994FA}.Debug|Any CPU.Build.0 = Debug|Any CPU
		{8BBFE296-DBBB-4778-A78D-A29EC79994FA}.Release|Any CPU.ActiveCfg = Release|Any CPU
		{8BBFE296-DBBB-4778-A78D-A29EC79994FA}.Release|Any CPU.Build.0 = Release|Any CPU
	EndGlobalSection
	GlobalSection(SolutionProperties) = preSolution
		HideSolutionNode = FALSE
	EndGlobalSection
EndGlobal
